// !$*UTF8*$!
{
	archiveVersion = 1;
	classes = {
	};
	objectVersion = 50;
	objects = {

/* Begin PBXBuildFile section */
		66290B9624E27510000CC308 /* MDPoint.swift in Sources */ = {isa = PBXBuildFile; fileRef = 66290B9524E27510000CC308 /* MDPoint.swift */; };
		66290B9824E2754E000CC308 /* MDDetectedMoney.swift in Sources */ = {isa = PBXBuildFile; fileRef = 66290B9724E2754E000CC308 /* MDDetectedMoney.swift */; };
		66290B9A24E27631000CC308 /* MDMoneyType.swift in Sources */ = {isa = PBXBuildFile; fileRef = 66290B9924E27631000CC308 /* MDMoneyType.swift */; };
		66290B9F24E288BF000CC308 /* PolygonView.swift in Sources */ = {isa = PBXBuildFile; fileRef = 66290B9E24E288BF000CC308 /* PolygonView.swift */; };
		662BF36D24F673BC00EE2BE0 /* DetectCellResultView.swift in Sources */ = {isa = PBXBuildFile; fileRef = 662BF36C24F673BC00EE2BE0 /* DetectCellResultView.swift */; };
		662BF36F24F6770000EE2BE0 /* DetectResult.swift in Sources */ = {isa = PBXBuildFile; fileRef = 662BF36E24F6770000EE2BE0 /* DetectResult.swift */; };
		662BF37124F6796E00EE2BE0 /* UIColorExtensions.swift in Sources */ = {isa = PBXBuildFile; fileRef = 662BF37024F6796E00EE2BE0 /* UIColorExtensions.swift */; };
		6630639A24F3BDFB00A86168 /* PreviewView.swift in Sources */ = {isa = PBXBuildFile; fileRef = 6630639924F3BDFB00A86168 /* PreviewView.swift */; };
		6630639F24F3F2DF00A86168 /* GrantAccessViewController.swift in Sources */ = {isa = PBXBuildFile; fileRef = 6630639D24F3F2DF00A86168 /* GrantAccessViewController.swift */; };
		663063A024F3F2DF00A86168 /* GrantAccessViewController.xib in Resources */ = {isa = PBXBuildFile; fileRef = 6630639E24F3F2DF00A86168 /* GrantAccessViewController.xib */; };
		663063A324F3F69600A86168 /* Assembler.swift in Sources */ = {isa = PBXBuildFile; fileRef = 663063A224F3F69600A86168 /* Assembler.swift */; };
		663063A824F3FBB300A86168 /* CameraNotAuthorizedViewController.swift in Sources */ = {isa = PBXBuildFile; fileRef = 663063A624F3FBB300A86168 /* CameraNotAuthorizedViewController.swift */; };
		663063A924F3FBB300A86168 /* CameraNotAuthorizedViewController.xib in Resources */ = {isa = PBXBuildFile; fileRef = 663063A724F3FBB300A86168 /* CameraNotAuthorizedViewController.xib */; };
		663314DB24E11D180043E824 /* UIViewControllerExtensions.swift in Sources */ = {isa = PBXBuildFile; fileRef = 663314DA24E11D180043E824 /* UIViewControllerExtensions.swift */; };
		6635F17F24DD36330030C0CE /* MoneyDetector.framework in Frameworks */ = {isa = PBXBuildFile; fileRef = 6635F17524DD36330030C0CE /* MoneyDetector.framework */; };
		6635F18424DD36340030C0CE /* MoneyDetectorTests.swift in Sources */ = {isa = PBXBuildFile; fileRef = 6635F18324DD36340030C0CE /* MoneyDetectorTests.swift */; };
		6635F18624DD36340030C0CE /* MoneyDetector.h in Headers */ = {isa = PBXBuildFile; fileRef = 6635F17824DD36330030C0CE /* MoneyDetector.h */; settings = {ATTRIBUTES = (Public, ); }; };
		6635F19A24DD3A100030C0CE /* MDNetworking.swift in Sources */ = {isa = PBXBuildFile; fileRef = 6635F19124DD3A100030C0CE /* MDNetworking.swift */; };
		6635F19B24DD3A100030C0CE /* MDEndpointType.swift in Sources */ = {isa = PBXBuildFile; fileRef = 6635F19224DD3A100030C0CE /* MDEndpointType.swift */; };
		6635F19C24DD3A100030C0CE /* MDNetworkError.swift in Sources */ = {isa = PBXBuildFile; fileRef = 6635F19324DD3A100030C0CE /* MDNetworkError.swift */; };
		6635F19D24DD3A100030C0CE /* MDExtensions.swift in Sources */ = {isa = PBXBuildFile; fileRef = 6635F19524DD3A100030C0CE /* MDExtensions.swift */; };
		6635F19E24DD3A100030C0CE /* MDDetectMoneyResponse.swift in Sources */ = {isa = PBXBuildFile; fileRef = 6635F19724DD3A100030C0CE /* MDDetectMoneyResponse.swift */; };
		6635F19F24DD3A100030C0CE /* MDMessageResponse.swift in Sources */ = {isa = PBXBuildFile; fileRef = 6635F19824DD3A100030C0CE /* MDMessageResponse.swift */; };
		6635F1A124DD3A510030C0CE /* MDMoneyDetectorAPI.swift in Sources */ = {isa = PBXBuildFile; fileRef = 6635F1A024DD3A510030C0CE /* MDMoneyDetectorAPI.swift */; };
		6635F1A324DD3CB90030C0CE /* MoneyDetector.swift in Sources */ = {isa = PBXBuildFile; fileRef = 6635F1A224DD3CB90030C0CE /* MoneyDetector.swift */; };
		663A4A6E24F7C71D002221E6 /* StringExtensions.swift in Sources */ = {isa = PBXBuildFile; fileRef = 663A4A6D24F7C71D002221E6 /* StringExtensions.swift */; };
		66598F0624E2C7F200F28691 /* BaseImagePickerViewController.swift in Sources */ = {isa = PBXBuildFile; fileRef = 66598F0524E2C7F200F28691 /* BaseImagePickerViewController.swift */; };
		66601F7E24F513210006A063 /* LinkViewController.swift in Sources */ = {isa = PBXBuildFile; fileRef = 66601F7C24F513210006A063 /* LinkViewController.swift */; };
		66601F7F24F513210006A063 /* LinkViewController.xib in Resources */ = {isa = PBXBuildFile; fileRef = 66601F7D24F513210006A063 /* LinkViewController.xib */; };
		66601F8224F51BBD0006A063 /* UIImageViewExtensions.swift in Sources */ = {isa = PBXBuildFile; fileRef = 66601F8124F51BBD0006A063 /* UIImageViewExtensions.swift */; };
		66601F8424F520AD0006A063 /* UIApplicationExtensions.swift in Sources */ = {isa = PBXBuildFile; fileRef = 66601F8324F520AD0006A063 /* UIApplicationExtensions.swift */; };
		667A2BF524F530EA00608F24 /* DetectResultTableViewCell.swift in Sources */ = {isa = PBXBuildFile; fileRef = 667A2BF324F530EA00608F24 /* DetectResultTableViewCell.swift */; };
		667A2BF624F530EA00608F24 /* DetectResultTableViewCell.xib in Resources */ = {isa = PBXBuildFile; fileRef = 667A2BF424F530EA00608F24 /* DetectResultTableViewCell.xib */; };
		667A2BFA24F5455000608F24 /* ErrorResultViewController.swift in Sources */ = {isa = PBXBuildFile; fileRef = 667A2BF824F5455000608F24 /* ErrorResultViewController.swift */; };
		667A2BFB24F5455000608F24 /* ErrorResultViewController.xib in Resources */ = {isa = PBXBuildFile; fileRef = 667A2BF924F5455000608F24 /* ErrorResultViewController.xib */; };
		6688D00B24E1203D00391CF4 /* Constants.swift in Sources */ = {isa = PBXBuildFile; fileRef = 6688D00A24E1203D00391CF4 /* Constants.swift */; };
		66975EBE24DD6A770024C3FF /* AppDelegate.swift in Sources */ = {isa = PBXBuildFile; fileRef = 66975EAE24DD6A770024C3FF /* AppDelegate.swift */; };
		66975EC024DD6A770024C3FF /* SceneDelegate.swift in Sources */ = {isa = PBXBuildFile; fileRef = 66975EB024DD6A770024C3FF /* SceneDelegate.swift */; };
		66975EC124DD6A770024C3FF /* Assets.xcassets in Resources */ = {isa = PBXBuildFile; fileRef = 66975EB224DD6A770024C3FF /* Assets.xcassets */; };
		66975EC224DD6A770024C3FF /* UtilityMethods.swift in Sources */ = {isa = PBXBuildFile; fileRef = 66975EB424DD6A770024C3FF /* UtilityMethods.swift */; };
		66975EC324DD6A770024C3FF /* URLSessionExtensions.swift in Sources */ = {isa = PBXBuildFile; fileRef = 66975EB624DD6A770024C3FF /* URLSessionExtensions.swift */; };
		66975EC424DD6A770024C3FF /* LaunchScreen.storyboard in Resources */ = {isa = PBXBuildFile; fileRef = 66975EB924DD6A770024C3FF /* LaunchScreen.storyboard */; };
		66BE42FA24E2BE9200E43E8D /* LeaveFeedbackViewController.swift in Sources */ = {isa = PBXBuildFile; fileRef = 66BE42F824E2BE9200E43E8D /* LeaveFeedbackViewController.swift */; };
		66BE42FB24E2BE9200E43E8D /* LeaveFeedbackViewController.xib in Resources */ = {isa = PBXBuildFile; fileRef = 66BE42F924E2BE9200E43E8D /* LeaveFeedbackViewController.xib */; };
		66E4907024E13073004258FD /* MoneyDetector.framework in Frameworks */ = {isa = PBXBuildFile; fileRef = 6635F17524DD36330030C0CE /* MoneyDetector.framework */; };
		66E4907124E13073004258FD /* MoneyDetector.framework in Embed Frameworks */ = {isa = PBXBuildFile; fileRef = 6635F17524DD36330030C0CE /* MoneyDetector.framework */; settings = {ATTRIBUTES = (CodeSignOnCopy, RemoveHeadersOnCopy, ); }; };
		66F800F424E138A200D25672 /* DetectResultsViewController.swift in Sources */ = {isa = PBXBuildFile; fileRef = 66F800F224E138A200D25672 /* DetectResultsViewController.swift */; };
		66F800F524E138A200D25672 /* DetectResultsViewController.xib in Resources */ = {isa = PBXBuildFile; fileRef = 66F800F324E138A200D25672 /* DetectResultsViewController.xib */; };
		66F800F824E13DF700D25672 /* MainNavigationController.swift in Sources */ = {isa = PBXBuildFile; fileRef = 66F800F724E13DF700D25672 /* MainNavigationController.swift */; };
		66F800FC24E14DEA00D25672 /* CameraViewController.swift in Sources */ = {isa = PBXBuildFile; fileRef = 66F800FA24E14DEA00D25672 /* CameraViewController.swift */; };
		66F800FD24E14DEA00D25672 /* CameraViewController.xib in Resources */ = {isa = PBXBuildFile; fileRef = 66F800FB24E14DEA00D25672 /* CameraViewController.xib */; };
		66F8010424E185B800D25672 /* UIViewExtensions.swift in Sources */ = {isa = PBXBuildFile; fileRef = 66F8010324E185B800D25672 /* UIViewExtensions.swift */; };
/* End PBXBuildFile section */

/* Begin PBXContainerItemProxy section */
		6635F18024DD36330030C0CE /* PBXContainerItemProxy */ = {
			isa = PBXContainerItemProxy;
			containerPortal = 6635F16C24DD36330030C0CE /* Project object */;
			proxyType = 1;
			remoteGlobalIDString = 6635F17424DD36330030C0CE;
			remoteInfo = MoneyDetector;
		};
/* End PBXContainerItemProxy section */

/* Begin PBXCopyFilesBuildPhase section */
		66E4907224E13073004258FD /* Embed Frameworks */ = {
			isa = PBXCopyFilesBuildPhase;
			buildActionMask = 2147483647;
			dstPath = "";
			dstSubfolderSpec = 10;
			files = (
				66E4907124E13073004258FD /* MoneyDetector.framework in Embed Frameworks */,
			);
			name = "Embed Frameworks";
			runOnlyForDeploymentPostprocessing = 0;
		};
/* End PBXCopyFilesBuildPhase section */

/* Begin PBXFileReference section */
		66290B9524E27510000CC308 /* MDPoint.swift */ = {isa = PBXFileReference; lastKnownFileType = sourcecode.swift; path = MDPoint.swift; sourceTree = "<group>"; };
		66290B9724E2754E000CC308 /* MDDetectedMoney.swift */ = {isa = PBXFileReference; lastKnownFileType = sourcecode.swift; path = MDDetectedMoney.swift; sourceTree = "<group>"; };
		66290B9924E27631000CC308 /* MDMoneyType.swift */ = {isa = PBXFileReference; lastKnownFileType = sourcecode.swift; path = MDMoneyType.swift; sourceTree = "<group>"; };
		66290B9E24E288BF000CC308 /* PolygonView.swift */ = {isa = PBXFileReference; lastKnownFileType = sourcecode.swift; path = PolygonView.swift; sourceTree = "<group>"; };
		662BF36C24F673BC00EE2BE0 /* DetectCellResultView.swift */ = {isa = PBXFileReference; lastKnownFileType = sourcecode.swift; path = DetectCellResultView.swift; sourceTree = "<group>"; };
		662BF36E24F6770000EE2BE0 /* DetectResult.swift */ = {isa = PBXFileReference; lastKnownFileType = sourcecode.swift; path = DetectResult.swift; sourceTree = "<group>"; };
		662BF37024F6796E00EE2BE0 /* UIColorExtensions.swift */ = {isa = PBXFileReference; lastKnownFileType = sourcecode.swift; path = UIColorExtensions.swift; sourceTree = "<group>"; };
		6630639924F3BDFB00A86168 /* PreviewView.swift */ = {isa = PBXFileReference; fileEncoding = 4; lastKnownFileType = sourcecode.swift; path = PreviewView.swift; sourceTree = "<group>"; };
		6630639D24F3F2DF00A86168 /* GrantAccessViewController.swift */ = {isa = PBXFileReference; lastKnownFileType = sourcecode.swift; path = GrantAccessViewController.swift; sourceTree = "<group>"; };
		6630639E24F3F2DF00A86168 /* GrantAccessViewController.xib */ = {isa = PBXFileReference; lastKnownFileType = file.xib; path = GrantAccessViewController.xib; sourceTree = "<group>"; };
		663063A224F3F69600A86168 /* Assembler.swift */ = {isa = PBXFileReference; lastKnownFileType = sourcecode.swift; path = Assembler.swift; sourceTree = "<group>"; };
		663063A624F3FBB300A86168 /* CameraNotAuthorizedViewController.swift */ = {isa = PBXFileReference; lastKnownFileType = sourcecode.swift; path = CameraNotAuthorizedViewController.swift; sourceTree = "<group>"; };
		663063A724F3FBB300A86168 /* CameraNotAuthorizedViewController.xib */ = {isa = PBXFileReference; lastKnownFileType = file.xib; path = CameraNotAuthorizedViewController.xib; sourceTree = "<group>"; };
		663314DA24E11D180043E824 /* UIViewControllerExtensions.swift */ = {isa = PBXFileReference; lastKnownFileType = sourcecode.swift; path = UIViewControllerExtensions.swift; sourceTree = "<group>"; };
		6635F17524DD36330030C0CE /* MoneyDetector.framework */ = {isa = PBXFileReference; explicitFileType = wrapper.framework; includeInIndex = 0; path = MoneyDetector.framework; sourceTree = BUILT_PRODUCTS_DIR; };
		6635F17824DD36330030C0CE /* MoneyDetector.h */ = {isa = PBXFileReference; lastKnownFileType = sourcecode.c.h; path = MoneyDetector.h; sourceTree = "<group>"; };
		6635F17924DD36330030C0CE /* Info.plist */ = {isa = PBXFileReference; lastKnownFileType = text.plist.xml; path = Info.plist; sourceTree = "<group>"; };
		6635F17E24DD36330030C0CE /* ViisionTests.xctest */ = {isa = PBXFileReference; explicitFileType = wrapper.cfbundle; includeInIndex = 0; path = ViisionTests.xctest; sourceTree = BUILT_PRODUCTS_DIR; };
		6635F18324DD36340030C0CE /* MoneyDetectorTests.swift */ = {isa = PBXFileReference; lastKnownFileType = sourcecode.swift; path = MoneyDetectorTests.swift; sourceTree = "<group>"; };
		6635F18524DD36340030C0CE /* Info.plist */ = {isa = PBXFileReference; lastKnownFileType = text.plist.xml; path = Info.plist; sourceTree = "<group>"; };
		6635F19124DD3A100030C0CE /* MDNetworking.swift */ = {isa = PBXFileReference; fileEncoding = 4; lastKnownFileType = sourcecode.swift; path = MDNetworking.swift; sourceTree = "<group>"; };
		6635F19224DD3A100030C0CE /* MDEndpointType.swift */ = {isa = PBXFileReference; fileEncoding = 4; lastKnownFileType = sourcecode.swift; path = MDEndpointType.swift; sourceTree = "<group>"; };
		6635F19324DD3A100030C0CE /* MDNetworkError.swift */ = {isa = PBXFileReference; fileEncoding = 4; lastKnownFileType = sourcecode.swift; path = MDNetworkError.swift; sourceTree = "<group>"; };
		6635F19524DD3A100030C0CE /* MDExtensions.swift */ = {isa = PBXFileReference; fileEncoding = 4; lastKnownFileType = sourcecode.swift; path = MDExtensions.swift; sourceTree = "<group>"; };
		6635F19724DD3A100030C0CE /* MDDetectMoneyResponse.swift */ = {isa = PBXFileReference; fileEncoding = 4; lastKnownFileType = sourcecode.swift; path = MDDetectMoneyResponse.swift; sourceTree = "<group>"; };
		6635F19824DD3A100030C0CE /* MDMessageResponse.swift */ = {isa = PBXFileReference; fileEncoding = 4; lastKnownFileType = sourcecode.swift; path = MDMessageResponse.swift; sourceTree = "<group>"; };
		6635F1A024DD3A510030C0CE /* MDMoneyDetectorAPI.swift */ = {isa = PBXFileReference; fileEncoding = 4; lastKnownFileType = sourcecode.swift; path = MDMoneyDetectorAPI.swift; sourceTree = "<group>"; };
		6635F1A224DD3CB90030C0CE /* MoneyDetector.swift */ = {isa = PBXFileReference; lastKnownFileType = sourcecode.swift; path = MoneyDetector.swift; sourceTree = "<group>"; };
		663A4A6D24F7C71D002221E6 /* StringExtensions.swift */ = {isa = PBXFileReference; lastKnownFileType = sourcecode.swift; path = StringExtensions.swift; sourceTree = "<group>"; };
		66598F0524E2C7F200F28691 /* BaseImagePickerViewController.swift */ = {isa = PBXFileReference; lastKnownFileType = sourcecode.swift; path = BaseImagePickerViewController.swift; sourceTree = "<group>"; };
		66601F7C24F513210006A063 /* LinkViewController.swift */ = {isa = PBXFileReference; lastKnownFileType = sourcecode.swift; path = LinkViewController.swift; sourceTree = "<group>"; };
		66601F7D24F513210006A063 /* LinkViewController.xib */ = {isa = PBXFileReference; lastKnownFileType = file.xib; path = LinkViewController.xib; sourceTree = "<group>"; };
		66601F8124F51BBD0006A063 /* UIImageViewExtensions.swift */ = {isa = PBXFileReference; lastKnownFileType = sourcecode.swift; path = UIImageViewExtensions.swift; sourceTree = "<group>"; };
		66601F8324F520AD0006A063 /* UIApplicationExtensions.swift */ = {isa = PBXFileReference; lastKnownFileType = sourcecode.swift; path = UIApplicationExtensions.swift; sourceTree = "<group>"; };
		667A2BF324F530EA00608F24 /* DetectResultTableViewCell.swift */ = {isa = PBXFileReference; lastKnownFileType = sourcecode.swift; path = DetectResultTableViewCell.swift; sourceTree = "<group>"; };
		667A2BF424F530EA00608F24 /* DetectResultTableViewCell.xib */ = {isa = PBXFileReference; lastKnownFileType = file.xib; path = DetectResultTableViewCell.xib; sourceTree = "<group>"; };
		667A2BF824F5455000608F24 /* ErrorResultViewController.swift */ = {isa = PBXFileReference; lastKnownFileType = sourcecode.swift; path = ErrorResultViewController.swift; sourceTree = "<group>"; };
		667A2BF924F5455000608F24 /* ErrorResultViewController.xib */ = {isa = PBXFileReference; lastKnownFileType = file.xib; path = ErrorResultViewController.xib; sourceTree = "<group>"; };
		6688D00A24E1203D00391CF4 /* Constants.swift */ = {isa = PBXFileReference; lastKnownFileType = sourcecode.swift; path = Constants.swift; sourceTree = "<group>"; };
		66975E9724DD6A3D0024C3FF /* Viision.app */ = {isa = PBXFileReference; explicitFileType = wrapper.application; includeInIndex = 0; path = Viision.app; sourceTree = BUILT_PRODUCTS_DIR; };
		66975EAE24DD6A770024C3FF /* AppDelegate.swift */ = {isa = PBXFileReference; fileEncoding = 4; lastKnownFileType = sourcecode.swift; path = AppDelegate.swift; sourceTree = "<group>"; };
		66975EAF24DD6A770024C3FF /* Info.plist */ = {isa = PBXFileReference; fileEncoding = 4; lastKnownFileType = text.plist.xml; path = Info.plist; sourceTree = "<group>"; };
		66975EB024DD6A770024C3FF /* SceneDelegate.swift */ = {isa = PBXFileReference; fileEncoding = 4; lastKnownFileType = sourcecode.swift; path = SceneDelegate.swift; sourceTree = "<group>"; };
		66975EB224DD6A770024C3FF /* Assets.xcassets */ = {isa = PBXFileReference; lastKnownFileType = folder.assetcatalog; path = Assets.xcassets; sourceTree = "<group>"; };
		66975EB424DD6A770024C3FF /* UtilityMethods.swift */ = {isa = PBXFileReference; fileEncoding = 4; lastKnownFileType = sourcecode.swift; path = UtilityMethods.swift; sourceTree = "<group>"; };
		66975EB624DD6A770024C3FF /* URLSessionExtensions.swift */ = {isa = PBXFileReference; fileEncoding = 4; lastKnownFileType = sourcecode.swift; path = URLSessionExtensions.swift; sourceTree = "<group>"; };
		66975EBA24DD6A770024C3FF /* Base */ = {isa = PBXFileReference; lastKnownFileType = file.storyboard; name = Base; path = Base.lproj/LaunchScreen.storyboard; sourceTree = "<group>"; };
		66BE42F824E2BE9200E43E8D /* LeaveFeedbackViewController.swift */ = {isa = PBXFileReference; lastKnownFileType = sourcecode.swift; path = LeaveFeedbackViewController.swift; sourceTree = "<group>"; };
		66BE42F924E2BE9200E43E8D /* LeaveFeedbackViewController.xib */ = {isa = PBXFileReference; lastKnownFileType = file.xib; path = LeaveFeedbackViewController.xib; sourceTree = "<group>"; };
		66F800F224E138A200D25672 /* DetectResultsViewController.swift */ = {isa = PBXFileReference; lastKnownFileType = sourcecode.swift; path = DetectResultsViewController.swift; sourceTree = "<group>"; };
		66F800F324E138A200D25672 /* DetectResultsViewController.xib */ = {isa = PBXFileReference; lastKnownFileType = file.xib; path = DetectResultsViewController.xib; sourceTree = "<group>"; };
		66F800F724E13DF700D25672 /* MainNavigationController.swift */ = {isa = PBXFileReference; lastKnownFileType = sourcecode.swift; path = MainNavigationController.swift; sourceTree = "<group>"; };
		66F800FA24E14DEA00D25672 /* CameraViewController.swift */ = {isa = PBXFileReference; lastKnownFileType = sourcecode.swift; path = CameraViewController.swift; sourceTree = "<group>"; };
		66F800FB24E14DEA00D25672 /* CameraViewController.xib */ = {isa = PBXFileReference; lastKnownFileType = file.xib; path = CameraViewController.xib; sourceTree = "<group>"; };
		66F8010324E185B800D25672 /* UIViewExtensions.swift */ = {isa = PBXFileReference; lastKnownFileType = sourcecode.swift; path = UIViewExtensions.swift; sourceTree = "<group>"; };
/* End PBXFileReference section */

/* Begin PBXFrameworksBuildPhase section */
		6635F17224DD36330030C0CE /* Frameworks */ = {
			isa = PBXFrameworksBuildPhase;
			buildActionMask = 2147483647;
			files = (
			);
			runOnlyForDeploymentPostprocessing = 0;
		};
		6635F17B24DD36330030C0CE /* Frameworks */ = {
			isa = PBXFrameworksBuildPhase;
			buildActionMask = 2147483647;
			files = (
				6635F17F24DD36330030C0CE /* MoneyDetector.framework in Frameworks */,
			);
			runOnlyForDeploymentPostprocessing = 0;
		};
		66975E9424DD6A3D0024C3FF /* Frameworks */ = {
			isa = PBXFrameworksBuildPhase;
			buildActionMask = 2147483647;
			files = (
				66E4907024E13073004258FD /* MoneyDetector.framework in Frameworks */,
			);
			runOnlyForDeploymentPostprocessing = 0;
		};
/* End PBXFrameworksBuildPhase section */

/* Begin PBXGroup section */
		66290B9D24E287F8000CC308 /* CustomViews */ = {
			isa = PBXGroup;
			children = (
				667A2BF224F5305700608F24 /* DetectResultTableViewCell */,
				66290B9E24E288BF000CC308 /* PolygonView.swift */,
				6630639924F3BDFB00A86168 /* PreviewView.swift */,
			);
			path = CustomViews;
			sourceTree = "<group>";
		};
		6630639C24F3F2BB00A86168 /* GrantAccessViewController */ = {
			isa = PBXGroup;
			children = (
				6630639D24F3F2DF00A86168 /* GrantAccessViewController.swift */,
				6630639E24F3F2DF00A86168 /* GrantAccessViewController.xib */,
			);
			path = GrantAccessViewController;
			sourceTree = "<group>";
		};
		663063A124F3F68700A86168 /* Models */ = {
			isa = PBXGroup;
			children = (
				663063A224F3F69600A86168 /* Assembler.swift */,
				662BF36E24F6770000EE2BE0 /* DetectResult.swift */,
			);
			path = Models;
			sourceTree = "<group>";
		};
		663063A424F3FB7B00A86168 /* CameraNotAuthorizedViewController */ = {
			isa = PBXGroup;
			children = (
				663063A624F3FBB300A86168 /* CameraNotAuthorizedViewController.swift */,
				663063A724F3FBB300A86168 /* CameraNotAuthorizedViewController.xib */,
			);
			path = CameraNotAuthorizedViewController;
			sourceTree = "<group>";
		};
		6635F16B24DD36330030C0CE = {
			isa = PBXGroup;
			children = (
				6635F17724DD36330030C0CE /* MoneyDetector */,
				6635F18224DD36330030C0CE /* MoneyDetectorTests */,
				66975E9824DD6A3D0024C3FF /* Viision */,
				6635F17624DD36330030C0CE /* Products */,
				66975EAB24DD6A4B0024C3FF /* Frameworks */,
			);
			sourceTree = "<group>";
		};
		6635F17624DD36330030C0CE /* Products */ = {
			isa = PBXGroup;
			children = (
				6635F17524DD36330030C0CE /* MoneyDetector.framework */,
				6635F17E24DD36330030C0CE /* ViisionTests.xctest */,
				66975E9724DD6A3D0024C3FF /* Viision.app */,
			);
			name = Products;
			sourceTree = "<group>";
		};
		6635F17724DD36330030C0CE /* MoneyDetector */ = {
			isa = PBXGroup;
			children = (
				6635F19424DD3A100030C0CE /* Extenesions */,
				6635F19624DD3A100030C0CE /* Models */,
				6635F18F24DD3A100030C0CE /* Networking */,
				6635F17824DD36330030C0CE /* MoneyDetector.h */,
				6635F17924DD36330030C0CE /* Info.plist */,
				6635F1A224DD3CB90030C0CE /* MoneyDetector.swift */,
			);
			path = MoneyDetector;
			sourceTree = "<group>";
		};
		6635F18224DD36330030C0CE /* MoneyDetectorTests */ = {
			isa = PBXGroup;
			children = (
				6635F18324DD36340030C0CE /* MoneyDetectorTests.swift */,
				6635F18524DD36340030C0CE /* Info.plist */,
			);
			path = MoneyDetectorTests;
			sourceTree = "<group>";
		};
		6635F18F24DD3A100030C0CE /* Networking */ = {
			isa = PBXGroup;
			children = (
				6635F19224DD3A100030C0CE /* MDEndpointType.swift */,
				6635F1A024DD3A510030C0CE /* MDMoneyDetectorAPI.swift */,
				6635F19124DD3A100030C0CE /* MDNetworking.swift */,
				6635F19324DD3A100030C0CE /* MDNetworkError.swift */,
			);
			path = Networking;
			sourceTree = "<group>";
		};
		6635F19424DD3A100030C0CE /* Extenesions */ = {
			isa = PBXGroup;
			children = (
				6635F19524DD3A100030C0CE /* MDExtensions.swift */,
			);
			path = Extenesions;
			sourceTree = "<group>";
		};
		6635F19624DD3A100030C0CE /* Models */ = {
			isa = PBXGroup;
			children = (
				6635F19724DD3A100030C0CE /* MDDetectMoneyResponse.swift */,
				66290B9724E2754E000CC308 /* MDDetectedMoney.swift */,
				6635F19824DD3A100030C0CE /* MDMessageResponse.swift */,
				66290B9524E27510000CC308 /* MDPoint.swift */,
				66290B9924E27631000CC308 /* MDMoneyType.swift */,
			);
			path = Models;
			sourceTree = "<group>";
		};
		66598F0424E2C7D300F28691 /* BaseViewController */ = {
			isa = PBXGroup;
			children = (
				66598F0524E2C7F200F28691 /* BaseImagePickerViewController.swift */,
			);
			path = BaseViewController;
			sourceTree = "<group>";
		};
		66601F7B24F513010006A063 /* LinkViewController */ = {
			isa = PBXGroup;
			children = (
				66601F7C24F513210006A063 /* LinkViewController.swift */,
				66601F7D24F513210006A063 /* LinkViewController.xib */,
			);
			path = LinkViewController;
			sourceTree = "<group>";
		};
		667A2BF224F5305700608F24 /* DetectResultTableViewCell */ = {
			isa = PBXGroup;
			children = (
				662BF36C24F673BC00EE2BE0 /* DetectCellResultView.swift */,
				667A2BF324F530EA00608F24 /* DetectResultTableViewCell.swift */,
				667A2BF424F530EA00608F24 /* DetectResultTableViewCell.xib */,
			);
			path = DetectResultTableViewCell;
			sourceTree = "<group>";
		};
		667A2BF724F544B900608F24 /* ErrorResultViewController */ = {
			isa = PBXGroup;
			children = (
				667A2BF824F5455000608F24 /* ErrorResultViewController.swift */,
				667A2BF924F5455000608F24 /* ErrorResultViewController.xib */,
			);
			path = ErrorResultViewController;
			sourceTree = "<group>";
		};
		66975E9824DD6A3D0024C3FF /* Viision */ = {
			isa = PBXGroup;
			children = (
				663063A124F3F68700A86168 /* Models */,
				66975EAD24DD6A770024C3FF /* Application */,
				66975EB324DD6A770024C3FF /* Helpers */,
				66975EB124DD6A770024C3FF /* Resources */,
				66975EB724DD6A770024C3FF /* View */,
			);
			path = Viision;
			sourceTree = "<group>";
		};
		66975EAB24DD6A4B0024C3FF /* Frameworks */ = {
			isa = PBXGroup;
			children = (
			);
			name = Frameworks;
			sourceTree = "<group>";
		};
		66975EAD24DD6A770024C3FF /* Application */ = {
			isa = PBXGroup;
			children = (
				66975EAE24DD6A770024C3FF /* AppDelegate.swift */,
				66975EB024DD6A770024C3FF /* SceneDelegate.swift */,
				66975EAF24DD6A770024C3FF /* Info.plist */,
			);
			path = Application;
			sourceTree = "<group>";
		};
		66975EB124DD6A770024C3FF /* Resources */ = {
			isa = PBXGroup;
			children = (
				66975EB224DD6A770024C3FF /* Assets.xcassets */,
			);
			path = Resources;
			sourceTree = "<group>";
		};
		66975EB324DD6A770024C3FF /* Helpers */ = {
			isa = PBXGroup;
			children = (
				66975EB524DD6A770024C3FF /* Extensions */,
				66975EB424DD6A770024C3FF /* UtilityMethods.swift */,
				6688D00A24E1203D00391CF4 /* Constants.swift */,
			);
			path = Helpers;
			sourceTree = "<group>";
		};
		66975EB524DD6A770024C3FF /* Extensions */ = {
			isa = PBXGroup;
			children = (
				66601F8124F51BBD0006A063 /* UIImageViewExtensions.swift */,
				66601F8324F520AD0006A063 /* UIApplicationExtensions.swift */,
				662BF37024F6796E00EE2BE0 /* UIColorExtensions.swift */,
				66975EB624DD6A770024C3FF /* URLSessionExtensions.swift */,
				663314DA24E11D180043E824 /* UIViewControllerExtensions.swift */,
				66F8010324E185B800D25672 /* UIViewExtensions.swift */,
				663A4A6D24F7C71D002221E6 /* StringExtensions.swift */,
			);
			path = Extensions;
			sourceTree = "<group>";
		};
		66975EB724DD6A770024C3FF /* View */ = {
			isa = PBXGroup;
			children = (
				66BE42F624E2BE0100E43E8D /* ViewControllers */,
				66290B9D24E287F8000CC308 /* CustomViews */,
				66975EB824DD6A770024C3FF /* Storyboards */,
			);
			path = View;
			sourceTree = "<group>";
		};
		66975EB824DD6A770024C3FF /* Storyboards */ = {
			isa = PBXGroup;
			children = (
				66975EB924DD6A770024C3FF /* LaunchScreen.storyboard */,
			);
			path = Storyboards;
			sourceTree = "<group>";
		};
		66BE42F624E2BE0100E43E8D /* ViewControllers */ = {
			isa = PBXGroup;
			children = (
				66F800F624E13DD800D25672 /* NavigationController */,
				66598F0424E2C7D300F28691 /* BaseViewController */,
				6630639C24F3F2BB00A86168 /* GrantAccessViewController */,
				663063A424F3FB7B00A86168 /* CameraNotAuthorizedViewController */,
				667A2BF724F544B900608F24 /* ErrorResultViewController */,
				66601F7B24F513010006A063 /* LinkViewController */,
				66F800F924E14DC800D25672 /* CameraViewController */,
				66F800F124E1383D00D25672 /* DetectResultsViewController */,
				66BE42F724E2BE1600E43E8D /* LeaveFeedbackViewController */,
			);
			path = ViewControllers;
			sourceTree = "<group>";
		};
		66BE42F724E2BE1600E43E8D /* LeaveFeedbackViewController */ = {
			isa = PBXGroup;
			children = (
				66BE42F824E2BE9200E43E8D /* LeaveFeedbackViewController.swift */,
				66BE42F924E2BE9200E43E8D /* LeaveFeedbackViewController.xib */,
			);
			path = LeaveFeedbackViewController;
			sourceTree = "<group>";
		};
		66F800F124E1383D00D25672 /* DetectResultsViewController */ = {
			isa = PBXGroup;
			children = (
				66F800F224E138A200D25672 /* DetectResultsViewController.swift */,
				66F800F324E138A200D25672 /* DetectResultsViewController.xib */,
			);
			path = DetectResultsViewController;
			sourceTree = "<group>";
		};
		66F800F624E13DD800D25672 /* NavigationController */ = {
			isa = PBXGroup;
			children = (
				66F800F724E13DF700D25672 /* MainNavigationController.swift */,
			);
			path = NavigationController;
			sourceTree = "<group>";
		};
		66F800F924E14DC800D25672 /* CameraViewController */ = {
			isa = PBXGroup;
			children = (
				66F800FA24E14DEA00D25672 /* CameraViewController.swift */,
				66F800FB24E14DEA00D25672 /* CameraViewController.xib */,
			);
			path = CameraViewController;
			sourceTree = "<group>";
		};
/* End PBXGroup section */

/* Begin PBXHeadersBuildPhase section */
		6635F17024DD36330030C0CE /* Headers */ = {
			isa = PBXHeadersBuildPhase;
			buildActionMask = 2147483647;
			files = (
				6635F18624DD36340030C0CE /* MoneyDetector.h in Headers */,
			);
			runOnlyForDeploymentPostprocessing = 0;
		};
/* End PBXHeadersBuildPhase section */

/* Begin PBXNativeTarget section */
		6635F17424DD36330030C0CE /* MoneyDetector */ = {
			isa = PBXNativeTarget;
			buildConfigurationList = 6635F18924DD36340030C0CE /* Build configuration list for PBXNativeTarget "MoneyDetector" */;
			buildPhases = (
				6635F17024DD36330030C0CE /* Headers */,
				6635F17124DD36330030C0CE /* Sources */,
				6635F17224DD36330030C0CE /* Frameworks */,
				6635F17324DD36330030C0CE /* Resources */,
			);
			buildRules = (
			);
			dependencies = (
			);
			name = MoneyDetector;
			productName = MoneyDetector;
			productReference = 6635F17524DD36330030C0CE /* MoneyDetector.framework */;
			productType = "com.apple.product-type.framework";
		};
		6635F17D24DD36330030C0CE /* ViisionTests */ = {
			isa = PBXNativeTarget;
			buildConfigurationList = 6635F18C24DD36340030C0CE /* Build configuration list for PBXNativeTarget "ViisionTests" */;
			buildPhases = (
				6635F17A24DD36330030C0CE /* Sources */,
				6635F17B24DD36330030C0CE /* Frameworks */,
				6635F17C24DD36330030C0CE /* Resources */,
			);
			buildRules = (
			);
			dependencies = (
				6635F18124DD36330030C0CE /* PBXTargetDependency */,
			);
			name = ViisionTests;
			productName = MoneyDetectorTests;
			productReference = 6635F17E24DD36330030C0CE /* ViisionTests.xctest */;
			productType = "com.apple.product-type.bundle.unit-test";
		};
		66975E9624DD6A3D0024C3FF /* Viision */ = {
			isa = PBXNativeTarget;
			buildConfigurationList = 66975EAA24DD6A3E0024C3FF /* Build configuration list for PBXNativeTarget "Viision" */;
			buildPhases = (
				66975E9324DD6A3D0024C3FF /* Sources */,
				66975E9424DD6A3D0024C3FF /* Frameworks */,
				66975E9524DD6A3D0024C3FF /* Resources */,
				66E4907224E13073004258FD /* Embed Frameworks */,
				663A4A6F24F7DFD0002221E6 /* Run Script(swiftLint) */,
			);
			buildRules = (
			);
			dependencies = (
			);
			name = Viision;
			productName = MoneyDetectionApp;
			productReference = 66975E9724DD6A3D0024C3FF /* Viision.app */;
			productType = "com.apple.product-type.application";
		};
/* End PBXNativeTarget section */

/* Begin PBXProject section */
		6635F16C24DD36330030C0CE /* Project object */ = {
			isa = PBXProject;
			attributes = {
				LastSwiftUpdateCheck = 1160;
				LastUpgradeCheck = 1200;
				ORGANIZATIONNAME = "Sevak Soghoyan";
				TargetAttributes = {
					6635F17424DD36330030C0CE = {
						CreatedOnToolsVersion = 11.6;
					};
					6635F17D24DD36330030C0CE = {
						CreatedOnToolsVersion = 11.6;
					};
					66975E9624DD6A3D0024C3FF = {
						CreatedOnToolsVersion = 11.6;
					};
				};
			};
			buildConfigurationList = 6635F16F24DD36330030C0CE /* Build configuration list for PBXProject "Viision" */;
			compatibilityVersion = "Xcode 9.3";
			developmentRegion = en;
			hasScannedForEncodings = 0;
			knownRegions = (
				en,
				Base,
			);
			mainGroup = 6635F16B24DD36330030C0CE;
			productRefGroup = 6635F17624DD36330030C0CE /* Products */;
			projectDirPath = "";
			projectRoot = "";
			targets = (
				6635F17424DD36330030C0CE /* MoneyDetector */,
				6635F17D24DD36330030C0CE /* ViisionTests */,
				66975E9624DD6A3D0024C3FF /* Viision */,
			);
		};
/* End PBXProject section */

/* Begin PBXResourcesBuildPhase section */
		6635F17324DD36330030C0CE /* Resources */ = {
			isa = PBXResourcesBuildPhase;
			buildActionMask = 2147483647;
			files = (
			);
			runOnlyForDeploymentPostprocessing = 0;
		};
		6635F17C24DD36330030C0CE /* Resources */ = {
			isa = PBXResourcesBuildPhase;
			buildActionMask = 2147483647;
			files = (
			);
			runOnlyForDeploymentPostprocessing = 0;
		};
		66975E9524DD6A3D0024C3FF /* Resources */ = {
			isa = PBXResourcesBuildPhase;
			buildActionMask = 2147483647;
			files = (
				66975EC424DD6A770024C3FF /* LaunchScreen.storyboard in Resources */,
				66975EC124DD6A770024C3FF /* Assets.xcassets in Resources */,
				66BE42FB24E2BE9200E43E8D /* LeaveFeedbackViewController.xib in Resources */,
				663063A024F3F2DF00A86168 /* GrantAccessViewController.xib in Resources */,
				66601F7F24F513210006A063 /* LinkViewController.xib in Resources */,
				667A2BF624F530EA00608F24 /* DetectResultTableViewCell.xib in Resources */,
				66F800F524E138A200D25672 /* DetectResultsViewController.xib in Resources */,
				667A2BFB24F5455000608F24 /* ErrorResultViewController.xib in Resources */,
				66F800FD24E14DEA00D25672 /* CameraViewController.xib in Resources */,
				663063A924F3FBB300A86168 /* CameraNotAuthorizedViewController.xib in Resources */,
			);
			runOnlyForDeploymentPostprocessing = 0;
		};
/* End PBXResourcesBuildPhase section */

/* Begin PBXShellScriptBuildPhase section */
		663A4A6F24F7DFD0002221E6 /* Run Script(swiftLint) */ = {
			isa = PBXShellScriptBuildPhase;
			buildActionMask = 2147483647;
			files = (
			);
			inputFileListPaths = (
			);
			inputPaths = (
			);
			name = "Run Script(swiftLint)";
			outputFileListPaths = (
			);
			outputPaths = (
			);
			runOnlyForDeploymentPostprocessing = 0;
			shellPath = /bin/sh;
			shellScript = "if which swiftlint >/dev/null; then\n  swiftlint\nelse\n  echo \"warning: SwiftLint not installed, download from https://github.com/realm/SwiftLint\"\nfi\n";
		};
/* End PBXShellScriptBuildPhase section */

/* Begin PBXSourcesBuildPhase section */
		6635F17124DD36330030C0CE /* Sources */ = {
			isa = PBXSourcesBuildPhase;
			buildActionMask = 2147483647;
			files = (
				66290B9624E27510000CC308 /* MDPoint.swift in Sources */,
				6635F1A324DD3CB90030C0CE /* MoneyDetector.swift in Sources */,
				6635F19D24DD3A100030C0CE /* MDExtensions.swift in Sources */,
				6635F19E24DD3A100030C0CE /* MDDetectMoneyResponse.swift in Sources */,
				66290B9A24E27631000CC308 /* MDMoneyType.swift in Sources */,
				6635F19C24DD3A100030C0CE /* MDNetworkError.swift in Sources */,
				66290B9824E2754E000CC308 /* MDDetectedMoney.swift in Sources */,
				6635F19A24DD3A100030C0CE /* MDNetworking.swift in Sources */,
				6635F19F24DD3A100030C0CE /* MDMessageResponse.swift in Sources */,
				6635F19B24DD3A100030C0CE /* MDEndpointType.swift in Sources */,
				6635F1A124DD3A510030C0CE /* MDMoneyDetectorAPI.swift in Sources */,
			);
			runOnlyForDeploymentPostprocessing = 0;
		};
		6635F17A24DD36330030C0CE /* Sources */ = {
			isa = PBXSourcesBuildPhase;
			buildActionMask = 2147483647;
			files = (
				6635F18424DD36340030C0CE /* MoneyDetectorTests.swift in Sources */,
			);
			runOnlyForDeploymentPostprocessing = 0;
		};
		66975E9324DD6A3D0024C3FF /* Sources */ = {
			isa = PBXSourcesBuildPhase;
			buildActionMask = 2147483647;
			files = (
				662BF36D24F673BC00EE2BE0 /* DetectCellResultView.swift in Sources */,
				66F800F824E13DF700D25672 /* MainNavigationController.swift in Sources */,
				66F800FC24E14DEA00D25672 /* CameraViewController.swift in Sources */,
				66290B9F24E288BF000CC308 /* PolygonView.swift in Sources */,
				663063A824F3FBB300A86168 /* CameraNotAuthorizedViewController.swift in Sources */,
				66601F8424F520AD0006A063 /* UIApplicationExtensions.swift in Sources */,
				66BE42FA24E2BE9200E43E8D /* LeaveFeedbackViewController.swift in Sources */,
				663063A324F3F69600A86168 /* Assembler.swift in Sources */,
				662BF36F24F6770000EE2BE0 /* DetectResult.swift in Sources */,
				66601F8224F51BBD0006A063 /* UIImageViewExtensions.swift in Sources */,
				66598F0624E2C7F200F28691 /* BaseImagePickerViewController.swift in Sources */,
				6630639F24F3F2DF00A86168 /* GrantAccessViewController.swift in Sources */,
				66975EBE24DD6A770024C3FF /* AppDelegate.swift in Sources */,
				66975EC024DD6A770024C3FF /* SceneDelegate.swift in Sources */,
				662BF37124F6796E00EE2BE0 /* UIColorExtensions.swift in Sources */,
				667A2BFA24F5455000608F24 /* ErrorResultViewController.swift in Sources */,
				66F800F424E138A200D25672 /* DetectResultsViewController.swift in Sources */,
				667A2BF524F530EA00608F24 /* DetectResultTableViewCell.swift in Sources */,
				66601F7E24F513210006A063 /* LinkViewController.swift in Sources */,
				6630639A24F3BDFB00A86168 /* PreviewView.swift in Sources */,
				663A4A6E24F7C71D002221E6 /* StringExtensions.swift in Sources */,
				66975EC324DD6A770024C3FF /* URLSessionExtensions.swift in Sources */,
				66975EC224DD6A770024C3FF /* UtilityMethods.swift in Sources */,
				6688D00B24E1203D00391CF4 /* Constants.swift in Sources */,
				663314DB24E11D180043E824 /* UIViewControllerExtensions.swift in Sources */,
				66F8010424E185B800D25672 /* UIViewExtensions.swift in Sources */,
			);
			runOnlyForDeploymentPostprocessing = 0;
		};
/* End PBXSourcesBuildPhase section */

/* Begin PBXTargetDependency section */
		6635F18124DD36330030C0CE /* PBXTargetDependency */ = {
			isa = PBXTargetDependency;
			target = 6635F17424DD36330030C0CE /* MoneyDetector */;
			targetProxy = 6635F18024DD36330030C0CE /* PBXContainerItemProxy */;
		};
/* End PBXTargetDependency section */

/* Begin PBXVariantGroup section */
		66975EB924DD6A770024C3FF /* LaunchScreen.storyboard */ = {
			isa = PBXVariantGroup;
			children = (
				66975EBA24DD6A770024C3FF /* Base */,
			);
			name = LaunchScreen.storyboard;
			sourceTree = "<group>";
		};
/* End PBXVariantGroup section */

/* Begin XCBuildConfiguration section */
		6635F18724DD36340030C0CE /* Debug */ = {
			isa = XCBuildConfiguration;
			buildSettings = {
				ALWAYS_SEARCH_USER_PATHS = NO;
				CLANG_ANALYZER_NONNULL = YES;
				CLANG_ANALYZER_NUMBER_OBJECT_CONVERSION = YES_AGGRESSIVE;
				CLANG_CXX_LANGUAGE_STANDARD = "gnu++14";
				CLANG_CXX_LIBRARY = "libc++";
				CLANG_ENABLE_MODULES = YES;
				CLANG_ENABLE_OBJC_ARC = YES;
				CLANG_ENABLE_OBJC_WEAK = YES;
				CLANG_WARN_BLOCK_CAPTURE_AUTORELEASING = YES;
				CLANG_WARN_BOOL_CONVERSION = YES;
				CLANG_WARN_COMMA = YES;
				CLANG_WARN_CONSTANT_CONVERSION = YES;
				CLANG_WARN_DEPRECATED_OBJC_IMPLEMENTATIONS = YES;
				CLANG_WARN_DIRECT_OBJC_ISA_USAGE = YES_ERROR;
				CLANG_WARN_DOCUMENTATION_COMMENTS = YES;
				CLANG_WARN_EMPTY_BODY = YES;
				CLANG_WARN_ENUM_CONVERSION = YES;
				CLANG_WARN_INFINITE_RECURSION = YES;
				CLANG_WARN_INT_CONVERSION = YES;
				CLANG_WARN_NON_LITERAL_NULL_CONVERSION = YES;
				CLANG_WARN_OBJC_IMPLICIT_RETAIN_SELF = YES;
				CLANG_WARN_OBJC_LITERAL_CONVERSION = YES;
				CLANG_WARN_OBJC_ROOT_CLASS = YES_ERROR;
				CLANG_WARN_QUOTED_INCLUDE_IN_FRAMEWORK_HEADER = YES;
				CLANG_WARN_RANGE_LOOP_ANALYSIS = YES;
				CLANG_WARN_STRICT_PROTOTYPES = YES;
				CLANG_WARN_SUSPICIOUS_MOVE = YES;
				CLANG_WARN_UNGUARDED_AVAILABILITY = YES_AGGRESSIVE;
				CLANG_WARN_UNREACHABLE_CODE = YES;
				CLANG_WARN__DUPLICATE_METHOD_MATCH = YES;
				COPY_PHASE_STRIP = NO;
				CURRENT_PROJECT_VERSION = 1;
				DEBUG_INFORMATION_FORMAT = dwarf;
				ENABLE_STRICT_OBJC_MSGSEND = YES;
				ENABLE_TESTABILITY = YES;
				GCC_C_LANGUAGE_STANDARD = gnu11;
				GCC_DYNAMIC_NO_PIC = NO;
				GCC_NO_COMMON_BLOCKS = YES;
				GCC_OPTIMIZATION_LEVEL = 0;
				GCC_PREPROCESSOR_DEFINITIONS = (
					"DEBUG=1",
					"$(inherited)",
				);
				GCC_WARN_64_TO_32_BIT_CONVERSION = YES;
				GCC_WARN_ABOUT_RETURN_TYPE = YES_ERROR;
				GCC_WARN_UNDECLARED_SELECTOR = YES;
				GCC_WARN_UNINITIALIZED_AUTOS = YES_AGGRESSIVE;
				GCC_WARN_UNUSED_FUNCTION = YES;
				GCC_WARN_UNUSED_VARIABLE = YES;
				IPHONEOS_DEPLOYMENT_TARGET = 13.6;
				MTL_ENABLE_DEBUG_INFO = INCLUDE_SOURCE;
				MTL_FAST_MATH = YES;
				ONLY_ACTIVE_ARCH = YES;
				SDKROOT = iphoneos;
				SWIFT_ACTIVE_COMPILATION_CONDITIONS = DEBUG;
				SWIFT_OPTIMIZATION_LEVEL = "-Onone";
				VERSIONING_SYSTEM = "apple-generic";
				VERSION_INFO_PREFIX = "";
			};
			name = Debug;
		};
		6635F18824DD36340030C0CE /* Release */ = {
			isa = XCBuildConfiguration;
			buildSettings = {
				ALWAYS_SEARCH_USER_PATHS = NO;
				CLANG_ANALYZER_NONNULL = YES;
				CLANG_ANALYZER_NUMBER_OBJECT_CONVERSION = YES_AGGRESSIVE;
				CLANG_CXX_LANGUAGE_STANDARD = "gnu++14";
				CLANG_CXX_LIBRARY = "libc++";
				CLANG_ENABLE_MODULES = YES;
				CLANG_ENABLE_OBJC_ARC = YES;
				CLANG_ENABLE_OBJC_WEAK = YES;
				CLANG_WARN_BLOCK_CAPTURE_AUTORELEASING = YES;
				CLANG_WARN_BOOL_CONVERSION = YES;
				CLANG_WARN_COMMA = YES;
				CLANG_WARN_CONSTANT_CONVERSION = YES;
				CLANG_WARN_DEPRECATED_OBJC_IMPLEMENTATIONS = YES;
				CLANG_WARN_DIRECT_OBJC_ISA_USAGE = YES_ERROR;
				CLANG_WARN_DOCUMENTATION_COMMENTS = YES;
				CLANG_WARN_EMPTY_BODY = YES;
				CLANG_WARN_ENUM_CONVERSION = YES;
				CLANG_WARN_INFINITE_RECURSION = YES;
				CLANG_WARN_INT_CONVERSION = YES;
				CLANG_WARN_NON_LITERAL_NULL_CONVERSION = YES;
				CLANG_WARN_OBJC_IMPLICIT_RETAIN_SELF = YES;
				CLANG_WARN_OBJC_LITERAL_CONVERSION = YES;
				CLANG_WARN_OBJC_ROOT_CLASS = YES_ERROR;
				CLANG_WARN_QUOTED_INCLUDE_IN_FRAMEWORK_HEADER = YES;
				CLANG_WARN_RANGE_LOOP_ANALYSIS = YES;
				CLANG_WARN_STRICT_PROTOTYPES = YES;
				CLANG_WARN_SUSPICIOUS_MOVE = YES;
				CLANG_WARN_UNGUARDED_AVAILABILITY = YES_AGGRESSIVE;
				CLANG_WARN_UNREACHABLE_CODE = YES;
				CLANG_WARN__DUPLICATE_METHOD_MATCH = YES;
				COPY_PHASE_STRIP = NO;
				CURRENT_PROJECT_VERSION = 1;
				DEBUG_INFORMATION_FORMAT = "dwarf-with-dsym";
				ENABLE_NS_ASSERTIONS = NO;
				ENABLE_STRICT_OBJC_MSGSEND = YES;
				GCC_C_LANGUAGE_STANDARD = gnu11;
				GCC_NO_COMMON_BLOCKS = YES;
				GCC_WARN_64_TO_32_BIT_CONVERSION = YES;
				GCC_WARN_ABOUT_RETURN_TYPE = YES_ERROR;
				GCC_WARN_UNDECLARED_SELECTOR = YES;
				GCC_WARN_UNINITIALIZED_AUTOS = YES_AGGRESSIVE;
				GCC_WARN_UNUSED_FUNCTION = YES;
				GCC_WARN_UNUSED_VARIABLE = YES;
				IPHONEOS_DEPLOYMENT_TARGET = 13.6;
				MTL_ENABLE_DEBUG_INFO = NO;
				MTL_FAST_MATH = YES;
				SDKROOT = iphoneos;
				SWIFT_COMPILATION_MODE = wholemodule;
				SWIFT_OPTIMIZATION_LEVEL = "-O";
				VALIDATE_PRODUCT = YES;
				VERSIONING_SYSTEM = "apple-generic";
				VERSION_INFO_PREFIX = "";
			};
			name = Release;
		};
		6635F18A24DD36340030C0CE /* Debug */ = {
			isa = XCBuildConfiguration;
			buildSettings = {
				CODE_SIGN_STYLE = Automatic;
				DEFINES_MODULE = YES;
				DEVELOPMENT_TEAM = 5DRZXA3262;
				DYLIB_COMPATIBILITY_VERSION = 1;
				DYLIB_CURRENT_VERSION = 1;
				DYLIB_INSTALL_NAME_BASE = "@rpath";
				INFOPLIST_FILE = MoneyDetector/Info.plist;
				INSTALL_PATH = "$(LOCAL_LIBRARY_DIR)/Frameworks";
				IPHONEOS_DEPLOYMENT_TARGET = 12.0;
				LD_RUNPATH_SEARCH_PATHS = (
					"$(inherited)",
					"@executable_path/Frameworks",
					"@loader_path/Frameworks",
				);
				PRODUCT_BUNDLE_IDENTIFIER = ai.smartclick.MoneyDetector;
				PRODUCT_NAME = "$(TARGET_NAME:c99extidentifier)";
				SKIP_INSTALL = YES;
				SWIFT_VERSION = 5.0;
				TARGETED_DEVICE_FAMILY = "1,2";
			};
			name = Debug;
		};
		6635F18B24DD36340030C0CE /* Release */ = {
			isa = XCBuildConfiguration;
			buildSettings = {
				CODE_SIGN_STYLE = Automatic;
				DEFINES_MODULE = YES;
				DEVELOPMENT_TEAM = 5DRZXA3262;
				DYLIB_COMPATIBILITY_VERSION = 1;
				DYLIB_CURRENT_VERSION = 1;
				DYLIB_INSTALL_NAME_BASE = "@rpath";
				INFOPLIST_FILE = MoneyDetector/Info.plist;
				INSTALL_PATH = "$(LOCAL_LIBRARY_DIR)/Frameworks";
				IPHONEOS_DEPLOYMENT_TARGET = 12.0;
				LD_RUNPATH_SEARCH_PATHS = (
					"$(inherited)",
					"@executable_path/Frameworks",
					"@loader_path/Frameworks",
				);
				PRODUCT_BUNDLE_IDENTIFIER = ai.smartclick.MoneyDetector;
				PRODUCT_NAME = "$(TARGET_NAME:c99extidentifier)";
				SKIP_INSTALL = YES;
				SWIFT_VERSION = 5.0;
				TARGETED_DEVICE_FAMILY = "1,2";
			};
			name = Release;
		};
		6635F18D24DD36340030C0CE /* Debug */ = {
			isa = XCBuildConfiguration;
			buildSettings = {
				ALWAYS_EMBED_SWIFT_STANDARD_LIBRARIES = YES;
				CODE_SIGN_STYLE = Automatic;
				DEVELOPMENT_TEAM = B25SCAYUXH;
				INFOPLIST_FILE = MoneyDetectorTests/Info.plist;
				LD_RUNPATH_SEARCH_PATHS = (
					"$(inherited)",
					"@executable_path/Frameworks",
					"@loader_path/Frameworks",
				);
				PRODUCT_BUNDLE_IDENTIFIER = ai.smartclick.MoneyDetectorTests;
				PRODUCT_NAME = "$(TARGET_NAME)";
				SWIFT_VERSION = 5.0;
				TARGETED_DEVICE_FAMILY = "1,2";
			};
			name = Debug;
		};
		6635F18E24DD36340030C0CE /* Release */ = {
			isa = XCBuildConfiguration;
			buildSettings = {
				ALWAYS_EMBED_SWIFT_STANDARD_LIBRARIES = YES;
				CODE_SIGN_STYLE = Automatic;
				DEVELOPMENT_TEAM = B25SCAYUXH;
				INFOPLIST_FILE = MoneyDetectorTests/Info.plist;
				LD_RUNPATH_SEARCH_PATHS = (
					"$(inherited)",
					"@executable_path/Frameworks",
					"@loader_path/Frameworks",
				);
				PRODUCT_BUNDLE_IDENTIFIER = ai.smartclick.MoneyDetectorTests;
				PRODUCT_NAME = "$(TARGET_NAME)";
				SWIFT_VERSION = 5.0;
				TARGETED_DEVICE_FAMILY = "1,2";
			};
			name = Release;
		};
		66975EA824DD6A3E0024C3FF /* Debug */ = {
			isa = XCBuildConfiguration;
			buildSettings = {
				ASSETCATALOG_COMPILER_APPICON_NAME = AppIcon;
				CODE_SIGN_IDENTITY = "Apple Development";
				CODE_SIGN_STYLE = Automatic;
				DEVELOPMENT_TEAM = 5DRZXA3262;
				INFOPLIST_FILE = Viision/Application/Info.plist;
				LD_RUNPATH_SEARCH_PATHS = (
					"$(inherited)",
					"@executable_path/Frameworks",
				);
				PRODUCT_BUNDLE_IDENTIFIER = ai.smartclick.MoneyDetectionApp;
				PRODUCT_NAME = "$(TARGET_NAME)";
				PROVISIONING_PROFILE_SPECIFIER = "";
				SWIFT_VERSION = 5.0;
				TARGETED_DEVICE_FAMILY = "1,2";
			};
			name = Debug;
		};
		66975EA924DD6A3E0024C3FF /* Release */ = {
			isa = XCBuildConfiguration;
			buildSettings = {
				ASSETCATALOG_COMPILER_APPICON_NAME = AppIcon;
				CODE_SIGN_IDENTITY = "Apple Development";
				CODE_SIGN_STYLE = Automatic;
				DEVELOPMENT_TEAM = 5DRZXA3262;
				INFOPLIST_FILE = Viision/Application/Info.plist;
				LD_RUNPATH_SEARCH_PATHS = (
					"$(inherited)",
					"@executable_path/Frameworks",
				);
				PRODUCT_BUNDLE_IDENTIFIER = ai.smartclick.MoneyDetectionApp;
				PRODUCT_NAME = "$(TARGET_NAME)";
				PROVISIONING_PROFILE_SPECIFIER = "";
				SWIFT_VERSION = 5.0;
				TARGETED_DEVICE_FAMILY = "1,2";
			};
			name = Release;
		};
/* End XCBuildConfiguration section */

/* Begin XCConfigurationList section */
		6635F16F24DD36330030C0CE /* Build configuration list for PBXProject "Viision" */ = {
			isa = XCConfigurationList;
			buildConfigurations = (
				6635F18724DD36340030C0CE /* Debug */,
				6635F18824DD36340030C0CE /* Release */,
			);
			defaultConfigurationIsVisible = 0;
			defaultConfigurationName = Release;
		};
		6635F18924DD36340030C0CE /* Build configuration list for PBXNativeTarget "MoneyDetector" */ = {
			isa = XCConfigurationList;
			buildConfigurations = (
				6635F18A24DD36340030C0CE /* Debug */,
				6635F18B24DD36340030C0CE /* Release */,
			);
			defaultConfigurationIsVisible = 0;
			defaultConfigurationName = Release;
		};
		6635F18C24DD36340030C0CE /* Build configuration list for PBXNativeTarget "ViisionTests" */ = {
			isa = XCConfigurationList;
			buildConfigurations = (
				6635F18D24DD36340030C0CE /* Debug */,
				6635F18E24DD36340030C0CE /* Release */,
			);
			defaultConfigurationIsVisible = 0;
			defaultConfigurationName = Release;
		};
		66975EAA24DD6A3E0024C3FF /* Build configuration list for PBXNativeTarget "Viision" */ = {
			isa = XCConfigurationList;
			buildConfigurations = (
				66975EA824DD6A3E0024C3FF /* Debug */,
				66975EA924DD6A3E0024C3FF /* Release */,
			);
			defaultConfigurationIsVisible = 0;
			defaultConfigurationName = Release;
		};
/* End XCConfigurationList section */
	};
	rootObject = 6635F16C24DD36330030C0CE /* Project object */;
}
